// !$*UTF8*$!
{
	archiveVersion = 1;
	classes = {
	};
	objectVersion = 46;
	objects = {

/* Begin PBXBuildFile section */
		BC04E64B1C7D4DAD0092CC46 /* AppDelegate.swift in Sources */ = {isa = PBXBuildFile; fileRef = BC04E64A1C7D4DAD0092CC46 /* AppDelegate.swift */; };
		BC04E64D1C7D4DAD0092CC46 /* ViewController.swift in Sources */ = {isa = PBXBuildFile; fileRef = BC04E64C1C7D4DAD0092CC46 /* ViewController.swift */; };
		BC04E6501C7D4DAD0092CC46 /* Main.storyboard in Resources */ = {isa = PBXBuildFile; fileRef = BC04E64E1C7D4DAD0092CC46 /* Main.storyboard */; };
		BC04E6521C7D4DAD0092CC46 /* Assets.xcassets in Resources */ = {isa = PBXBuildFile; fileRef = BC04E6511C7D4DAD0092CC46 /* Assets.xcassets */; };
		BC04E6551C7D4DAD0092CC46 /* LaunchScreen.storyboard in Resources */ = {isa = PBXBuildFile; fileRef = BC04E6531C7D4DAD0092CC46 /* LaunchScreen.storyboard */; };
/* End PBXBuildFile section */

/* Begin PBXFileReference section */
		BC04E6471C7D4DAD0092CC46 /* InstagramParse.app */ = {isa = PBXFileReference; explicitFileType = wrapper.application; includeInIndex = 0; path = InstagramParse.app; sourceTree = BUILT_PRODUCTS_DIR; };
		BC04E64A1C7D4DAD0092CC46 /* AppDelegate.swift */ = {isa = PBXFileReference; lastKnownFileType = sourcecode.swift; path = AppDelegate.swift; sourceTree = "<group>"; };
		BC04E64C1C7D4DAD0092CC46 /* ViewController.swift */ = {isa = PBXFileReference; lastKnownFileType = sourcecode.swift; path = ViewController.swift; sourceTree = "<group>"; };
		BC04E64F1C7D4DAD0092CC46 /* Base */ = {isa = PBXFileReference; lastKnownFileType = file.storyboard; name = Base; path = Base.lproj/Main.storyboard; sourceTree = "<group>"; };
		BC04E6511C7D4DAD0092CC46 /* Assets.xcassets */ = {isa = PBXFileReference; lastKnownFileType = folder.assetcatalog; path = Assets.xcassets; sourceTree = "<group>"; };
		BC04E6541C7D4DAD0092CC46 /* Base */ = {isa = PBXFileReference; lastKnownFileType = file.storyboard; name = Base; path = Base.lproj/LaunchScreen.storyboard; sourceTree = "<group>"; };
		BC04E6561C7D4DAD0092CC46 /* Info.plist */ = {isa = PBXFileReference; lastKnownFileType = text.plist.xml; path = Info.plist; sourceTree = "<group>"; };
/* End PBXFileReference section */

/* Begin PBXFrameworksBuildPhase section */
		BC04E6441C7D4DAD0092CC46 /* Frameworks */ = {
			isa = PBXFrameworksBuildPhase;
			buildActionMask = 2147483647;
			files = (
			);
			runOnlyForDeploymentPostprocessing = 0;
		};
/* End PBXFrameworksBuildPhase section */

/* Begin PBXGroup section */
		BC04E63E1C7D4DAD0092CC46 = {
			isa = PBXGroup;
			children = (
				BC04E6491C7D4DAD0092CC46 /* InstagramParse */,
				BC04E6481C7D4DAD0092CC46 /* Products */,
			);
			sourceTree = "<group>";
		};
		BC04E6481C7D4DAD0092CC46 /* Products */ = {
			isa = PBXGroup;
			children = (
				BC04E6471C7D4DAD0092CC46 /* InstagramParse.app */,
			);
			name = Products;
			sourceTree = "<group>";
		};
		BC04E6491C7D4DAD0092CC46 /* InstagramParse */ = {
			isa = PBXGroup;
			children = (
				BC04E64A1C7D4DAD0092CC46 /* AppDelegate.swift */,
				BC04E64C1C7D4DAD0092CC46 /* ViewController.swift */,
				BC04E64E1C7D4DAD0092CC46 /* Main.storyboard */,
				BC04E6511C7D4DAD0092CC46 /* Assets.xcassets */,
				BC04E6531C7D4DAD0092CC46 /* LaunchScreen.storyboard */,
				BC04E6561C7D4DAD0092CC46 /* Info.plist */,
			);
			path = InstagramParse;
			sourceTree = "<group>";
		};
/* End PBXGroup section */

/* Begin PBXNativeTarget section */
		BC04E6461C7D4DAD0092CC46 /* InstagramParse */ = {
			isa = PBXNativeTarget;
			buildConfigurationList = BC04E6591C7D4DAD0092CC46 /* Build configuration list for PBXNativeTarget "InstagramParse" */;
			buildPhases = (
				BC04E6431C7D4DAD0092CC46 /* Sources */,
				BC04E6441C7D4DAD0092CC46 /* Frameworks */,
				BC04E6451C7D4DAD0092CC46 /* Resources */,
			);
			buildRules = (
			);
			dependencies = (
			);
			name = InstagramParse;
			productName = InstagramParse;
			productReference = BC04E6471C7D4DAD0092CC46 /* InstagramParse.app */;
			productType = "com.apple.product-type.application";
		};
/* End PBXNativeTarget section */

/* Begin PBXProject section */
		BC04E63F1C7D4DAD0092CC46 /* Project object */ = {
			isa = PBXProject;
			attributes = {
				LastSwiftUpdateCheck = 0710;
				LastUpgradeCheck = 0710;
				ORGANIZATIONNAME = "Kevin Tran";
				TargetAttributes = {
					BC04E6461C7D4DAD0092CC46 = {
						CreatedOnToolsVersion = 7.1.1;
					};
				};
			};
			buildConfigurationList = BC04E6421C7D4DAD0092CC46 /* Build configuration list for PBXProject "InstagramParse" */;
			compatibilityVersion = "Xcode 3.2";
			developmentRegion = English;
			hasScannedForEncodings = 0;
			knownRegions = (
				en,
				Base,
			);
			mainGroup = BC04E63E1C7D4DAD0092CC46;
			productRefGroup = BC04E6481C7D4DAD0092CC46 /* Products */;
			projectDirPath = "";
			projectRoot = "";
			targets = (
				BC04E6461C7D4DAD0092CC46 /* InstagramParse */,
			);
		};
/* End PBXProject section */

/* Begin PBXResourcesBuildPhase section */
		BC04E6451C7D4DAD0092CC46 /* Resources */ = {
			isa = PBXResourcesBuildPhase;
			buildActionMask = 2147483647;
			files = (
				BC04E6551C7D4DAD0092CC46 /* LaunchScreen.storyboard in Resources */,
				BC04E6521C7D4DAD0092CC46 /* Assets.xcassets in Resources */,
				BC04E6501C7D4DAD0092CC46 /* Main.storyboard in Resources */,
			);
			runOnlyForDeploymentPostprocessing = 0;
		};
/* End PBXResourcesBuildPhase section */

/* Begin PBXSourcesBuildPhase section */
		BC04E6431C7D4DAD0092CC46 /* Sources */ = {
			isa = PBXSourcesBuildPhase;
			buildActionMask = 2147483647;
			files = (
				BC04E64D1C7D4DAD0092CC46 /* ViewController.swift in Sources */,
				BC04E64B1C7D4DAD0092CC46 /* AppDelegate.swift in Sources */,
			);
			runOnlyForDeploymentPostprocessing = 0;
		};
/* End PBXSourcesBuildPhase section */

/* Begin PBXVariantGroup section */
		BC04E64E1C7D4DAD0092CC46 /* Main.storyboard */ = {
			isa = PBXVariantGroup;
			children = (
				BC04E64F1C7D4DAD0092CC46 /* Base */,
			);
			name = Main.storyboard;
			sourceTree = "<group>";
		};
		BC04E6531C7D4DAD0092CC46 /* LaunchScreen.storyboard */ = {
			isa = PBXVariantGroup;
			children = (
				BC04E6541C7D4DAD0092CC46 /* Base */,
			);
			name = LaunchScreen.storyboard;
			sourceTree = "<group>";
		};
/* End PBXVariantGroup section */

/* Begin XCBuildConfiguration section */
		BC04E6571C7D4DAD0092CC46 /* Debug */ = {
			isa = XCBuildConfiguration;
			buildSettings = {
				ALWAYS_SEARCH_USER_PATHS = NO;
				CLANG_CXX_LANGUAGE_STANDARD = "gnu++0x";
				CLANG_CXX_LIBRARY = "libc++";
				CLANG_ENABLE_MODULES = YES;
				CLANG_ENABLE_OBJC_ARC = YES;
				CLANG_WARN_BOOL_CONVERSION = YES;
				CLANG_WARN_CONSTANT_CONVERSION = YES;
				CLANG_WARN_DIRECT_OBJC_ISA_USAGE = YES_ERROR;
				CLANG_WARN_EMPTY_BODY = YES;
				CLANG_WARN_ENUM_CONVERSION = YES;
				CLANG_WARN_INT_CONVERSION = YES;
				CLANG_WARN_OBJC_ROOT_CLASS = YES_ERROR;
				CLANG_WARN_UNREACHABLE_CODE = YES;
				CLANG_WARN__DUPLICATE_METHOD_MATCH = YES;
				"CODE_SIGN_IDENTITY[sdk=iphoneos*]" = "iPhone Developer";
				COPY_PHASE_STRIP = NO;
				DEBUG_INFORMATION_FORMAT = dwarf;
				ENABLE_STRICT_OBJC_MSGSEND = YES;
				ENABLE_TESTABILITY = YES;
				GCC_C_LANGUAGE_STANDARD = gnu99;
				GCC_DYNAMIC_NO_PIC = NO;
				GCC_NO_COMMON_BLOCKS = YES;
				GCC_OPTIMIZATION_LEVEL = 0;
				GCC_PREPROCESSOR_DEFINITIONS = (
					"DEBUG=1",
					"$(inherited)",
				);
				GCC_WARN_64_TO_32_BIT_CONVERSION = YES;
				GCC_WARN_ABOUT_RETURN_TYPE = YES_ERROR;
				GCC_WARN_UNDECLARED_SELECTOR = YES;
				GCC_WARN_UNINITIALIZED_AUTOS = YES_AGGRESSIVE;
				GCC_WARN_UNUSED_FUNCTION = YES;
				GCC_WARN_UNUSED_VARIABLE = YES;
				IPHONEOS_DEPLOYMENT_TARGET = 9.1;
				MTL_ENABLE_DEBUG_INFO = YES;
				ONLY_ACTIVE_ARCH = YES;
				SDKROOT = iphoneos;
				SWIFT_OPTIMIZATION_LEVEL = "-Onone";
				TARGETED_DEVICE_FAMILY = "1,2";
			};
			name = Debug;
		};
		BC04E6581C7D4DAD0092CC46 /* Release */ = {
			isa = XCBuildConfiguration;
			buildSettings = {
				ALWAYS_SEARCH_USER_PATHS = NO;
				CLANG_CXX_LANGUAGE_STANDARD = "gnu++0x";
				CLANG_CXX_LIBRARY = "libc++";
				CLANG_ENABLE_MODULES = YES;
				CLANG_ENABLE_OBJC_ARC = YES;
				CLANG_WARN_BOOL_CONVERSION = YES;
				CLANG_WARN_CONSTANT_CONVERSION = YES;
				CLANG_WARN_DIRECT_OBJC_ISA_USAGE = YES_ERROR;
				CLANG_WARN_EMPTY_BODY = YES;
				CLANG_WARN_ENUM_CONVERSION = YES;
				CLANG_WARN_INT_CONVERSION = YES;
				CLANG_WARN_OBJC_ROOT_CLASS = YES_ERROR;
				CLANG_WARN_UNREACHABLE_CODE = YES;
				CLANG_WARN__DUPLICATE_METHOD_MATCH = YES;
				"CODE_SIGN_IDENTITY[sdk=iphoneos*]" = "iPhone Developer";
				COPY_PHASE_STRIP = NO;
				DEBUG_INFORMATION_FORMAT = "dwarf-with-dsym";
				ENABLE_NS_ASSERTIONS = NO;
				ENABLE_STRICT_OBJC_MSGSEND = YES;
				GCC_C_LANGUAGE_STANDARD = gnu99;
				GCC_NO_COMMON_BLOCKS = YES;
				GCC_WARN_64_TO_32_BIT_CONVERSION = YES;
				GCC_WARN_ABOUT_RETURN_TYPE = YES_ERROR;
				GCC_WARN_UNDECLARED_SELECTOR = YES;
				GCC_WARN_UNINITIALIZED_AUTOS = YES_AGGRESSIVE;
				GCC_WARN_UNUSED_FUNCTION = YES;
				GCC_WARN_UNUSED_VARIABLE = YES;
				IPHONEOS_DEPLOYMENT_TARGET = 9.1;
				MTL_ENABLE_DEBUG_INFO = NO;
				SDKROOT = iphoneos;
				TARGETED_DEVICE_FAMILY = "1,2";
				VALIDATE_PRODUCT = YES;
			};
			name = Release;
		};
		BC04E65A1C7D4DAD0092CC46 /* Debug */ = {
			isa = XCBuildConfiguration;
			buildSettings = {
				ASSETCATALOG_COMPILER_APPICON_NAME = AppIcon;
				INFOPLIST_FILE = InstagramParse/Info.plist;
				LD_RUNPATH_SEARCH_PATHS = "$(inherited) @executable_path/Frameworks";
				PRODUCT_BUNDLE_IDENTIFIER = kev.InstagramParse;
				PRODUCT_NAME = "$(TARGET_NAME)";
			};
			name = Debug;
		};
		BC04E65B1C7D4DAD0092CC46 /* Release */ = {
			isa = XCBuildConfiguration;
			buildSettings = {
				ASSETCATALOG_COMPILER_APPICON_NAME = AppIcon;
				INFOPLIST_FILE = InstagramParse/Info.plist;
				LD_RUNPATH_SEARCH_PATHS = "$(inherited) @executable_path/Frameworks";
				PRODUCT_BUNDLE_IDENTIFIER = kev.InstagramParse;
				PRODUCT_NAME = "$(TARGET_NAME)";
			};
			name = Release;
		};
/* End XCBuildConfiguration section */

/* Begin XCConfigurationList section */
		BC04E6421C7D4DAD0092CC46 /* Build configuration list for PBXProject "InstagramParse" */ = {
			isa = XCConfigurationList;
			buildConfigurations = (
				BC04E6571C7D4DAD0092CC46 /* Debug */,
				BC04E6581C7D4DAD0092CC46 /* Release */,
			);
			defaultConfigurationIsVisible = 0;
			defaultConfigurationName = Release;
		};
		BC04E6591C7D4DAD0092CC46 /* Build configuration list for PBXNativeTarget "InstagramParse" */ = {
			isa = XCConfigurationList;
			buildConfigurations = (
				BC04E65A1C7D4DAD0092CC46 /* Debug */,
				BC04E65B1C7D4DAD0092CC46 /* Release */,
			);
			defaultConfigurationIsVisible = 0;
		};
/* End XCConfigurationList section */
	};
	rootObject = BC04E63F1C7D4DAD0092CC46 /* Project object */;
}
